// !$*UTF8*$!
{
	archiveVersion = 1;
	classes = {
	};
	objectVersion = 46;
	objects = {

/* Begin PBXBuildFile section */
		1F4B79021D58950000EE2236 /* BGNativeModuleExample.h in CopyFiles */ = {isa = PBXBuildFile; fileRef = 1F4B79011D58950000EE2236 /* BGNativeModuleExample.h */; };
		1F4B79041D58950000EE2236 /* BGNativeModuleExample.m in Sources */ = {isa = PBXBuildFile; fileRef = 1F4B79031D58950000EE2236 /* BGNativeModuleExample.m */; };
/* End PBXBuildFile section */

/* Begin PBXCopyFilesBuildPhase section */
		1F4B78FC1D58950000EE2236 /* CopyFiles */ = {
			isa = PBXCopyFilesBuildPhase;
			buildActionMask = 2147483647;
			dstPath = "include/$(PRODUCT_NAME)";
			dstSubfolderSpec = 16;
			files = (
				1F4B79021D58950000EE2236 /* BGNativeModuleExample.h in CopyFiles */,
			);
			runOnlyForDeploymentPostprocessing = 0;
		};
/* End PBXCopyFilesBuildPhase section */

/* Begin PBXFileReference section */
		1F4B78FE1D58950000EE2236 /* libBGNativeModuleExample.a */ = {isa = PBXFileReference; explicitFileType = archive.ar; includeInIndex = 0; path = libBGNativeModuleExample.a; sourceTree = BUILT_PRODUCTS_DIR; };
		1F4B79011D58950000EE2236 /* BGNativeModuleExample.h */ = {isa = PBXFileReference; lastKnownFileType = sourcecode.c.h; path = BGNativeModuleExample.h; sourceTree = "<group>"; };
		1F4B79031D58950000EE2236 /* BGNativeModuleExample.m */ = {isa = PBXFileReference; lastKnownFileType = sourcecode.c.objc; path = BGNativeModuleExample.m; sourceTree = "<group>"; };
/* End PBXFileReference section */

/* Begin PBXFrameworksBuildPhase section */
		1F4B78FB1D58950000EE2236 /* Frameworks */ = {
			isa = PBXFrameworksBuildPhase;
			buildActionMask = 2147483647;
			files = (
			);
			runOnlyForDeploymentPostprocessing = 0;
		};
/* End PBXFrameworksBuildPhase section */

/* Begin PBXGroup section */
		1F4B78F51D58950000EE2236 = {
			isa = PBXGroup;
			children = (
				1F4B79001D58950000EE2236 /* BGNativeModuleExample */,
				1F4B78FF1D58950000EE2236 /* Products */,
			);
			sourceTree = "<group>";
		};
		1F4B78FF1D58950000EE2236 /* Products */ = {
			isa = PBXGroup;
			children = (
				1F4B78FE1D58950000EE2236 /* libBGNativeModuleExample.a */,
			);
			name = Products;
			sourceTree = "<group>";
		};
		1F4B79001D58950000EE2236 /* BGNativeModuleExample */ = {
			isa = PBXGroup;
			children = (
				1F4B79011D58950000EE2236 /* BGNativeModuleExample.h */,
				1F4B79031D58950000EE2236 /* BGNativeModuleExample.m */,
			);
			path = BGNativeModuleExample;
			sourceTree = "<group>";
		};
/* End PBXGroup section */

/* Begin PBXNativeTarget section */
		1F4B78FD1D58950000EE2236 /* BGNativeModuleExample */ = {
			isa = PBXNativeTarget;
			buildConfigurationList = 1F4B79071D58950000EE2236 /* Build configuration list for PBXNativeTarget "BGNativeModuleExample" */;
			buildPhases = (
				1F4B78FA1D58950000EE2236 /* Sources */,
				1F4B78FB1D58950000EE2236 /* Frameworks */,
				1F4B78FC1D58950000EE2236 /* CopyFiles */,
			);
			buildRules = (
			);
			dependencies = (
			);
			name = BGNativeModuleExample;
			productName = BGNativeModuleExample;
			productReference = 1F4B78FE1D58950000EE2236 /* libBGNativeModuleExample.a */;
			productType = "com.apple.product-type.library.static";
		};
/* End PBXNativeTarget section */

/* Begin PBXProject section */
		1F4B78F61D58950000EE2236 /* Project object */ = {
			isa = PBXProject;
			attributes = {
				LastUpgradeCheck = 0730;
				ORGANIZATIONNAME = "yougou-sk";
				TargetAttributes = {
					1F4B78FD1D58950000EE2236 = {
						CreatedOnToolsVersion = 7.3.1;
					};
				};
			};
			buildConfigurationList = 1F4B78F91D58950000EE2236 /* Build configuration list for PBXProject "BGNativeModuleExample" */;
			compatibilityVersion = "Xcode 3.2";
			developmentRegion = English;
			hasScannedForEncodings = 0;
			knownRegions = (
				en,
			);
			mainGroup = 1F4B78F51D58950000EE2236;
			productRefGroup = 1F4B78FF1D58950000EE2236 /* Products */;
			projectDirPath = "";
			projectRoot = "";
			targets = (
				1F4B78FD1D58950000EE2236 /* BGNativeModuleExample */,
			);
		};
/* End PBXProject section */

/* Begin PBXSourcesBuildPhase section */
		1F4B78FA1D58950000EE2236 /* Sources */ = {
			isa = PBXSourcesBuildPhase;
			buildActionMask = 2147483647;
			files = (
				1F4B79041D58950000EE2236 /* BGNativeModuleExample.m in Sources */,
			);
			runOnlyForDeploymentPostprocessing = 0;
		};
/* End PBXSourcesBuildPhase section */

/* Begin XCBuildConfiguration section */
		1F4B79051D58950000EE2236 /* Debug */ = {
			isa = XCBuildConfiguration;
			buildSettings = {
				ALWAYS_SEARCH_USER_PATHS = NO;
				CLANG_ANALYZER_NONNULL = YES;
				CLANG_CXX_LANGUAGE_STANDARD = "gnu++0x";
				CLANG_CXX_LIBRARY = "libc++";
				CLANG_ENABLE_MODULES = YES;
				CLANG_ENABLE_OBJC_ARC = YES;
				CLANG_WARN_BOOL_CONVERSION = YES;
				CLANG_WARN_CONSTANT_CONVERSION = YES;
				CLANG_WARN_DIRECT_OBJC_ISA_USAGE = YES_ERROR;
				CLANG_WARN_EMPTY_BODY = YES;
				CLANG_WARN_ENUM_CONVERSION = YES;
				CLANG_WARN_INT_CONVERSION = YES;
				CLANG_WARN_OBJC_ROOT_CLASS = YES_ERROR;
				CLANG_WARN_UNREACHABLE_CODE = YES;
				CLANG_WARN__DUPLICATE_METHOD_MATCH = YES;
				"CODE_SIGN_IDENTITY[sdk=iphoneos*]" = "iPhone Developer";
				COPY_PHASE_STRIP = NO;
				DEBUG_INFORMATION_FORMAT = dwarf;
				ENABLE_STRICT_OBJC_MSGSEND = YES;
				ENABLE_TESTABILITY = YES;
				GCC_C_LANGUAGE_STANDARD = gnu99;
				GCC_DYNAMIC_NO_PIC = NO;
				GCC_NO_COMMON_BLOCKS = YES;
				GCC_OPTIMIZATION_LEVEL = 0;
				GCC_PREPROCESSOR_DEFINITIONS = (
					"DEBUG=1",
					"$(inherited)",
				);
				GCC_WARN_64_TO_32_BIT_CONVERSION = YES;
				GCC_WARN_ABOUT_RETURN_TYPE = YES_ERROR;
				GCC_WARN_UNDECLARED_SELECTOR = YES;
				GCC_WARN_UNINITIALIZED_AUTOS = YES_AGGRESSIVE;
				GCC_WARN_UNUSED_FUNCTION = YES;
				GCC_WARN_UNUSED_VARIABLE = YES;
				IPHONEOS_DEPLOYMENT_TARGET = 9.3;
				MTL_ENABLE_DEBUG_INFO = YES;
				ONLY_ACTIVE_ARCH = YES;
				SDKROOT = iphoneos;
			};
			name = Debug;
		};
		1F4B79061D58950000EE2236 /* Release */ = {
			isa = XCBuildConfiguration;
			buildSettings = {
				ALWAYS_SEARCH_USER_PATHS = NO;
				CLANG_ANALYZER_NONNULL = YES;
				CLANG_CXX_LANGUAGE_STANDARD = "gnu++0x";
				CLANG_CXX_LIBRARY = "libc++";
				CLANG_ENABLE_MODULES = YES;
				CLANG_ENABLE_OBJC_ARC = YES;
				CLANG_WARN_BOOL_CONVERSION = YES;
				CLANG_WARN_CONSTANT_CONVERSION = YES;
				CLANG_WARN_DIRECT_OBJC_ISA_USAGE = YES_ERROR;
				CLANG_WARN_EMPTY_BODY = YES;
				CLANG_WARN_ENUM_CONVERSION = YES;
				CLANG_WARN_INT_CONVERSION = YES;
				CLANG_WARN_OBJC_ROOT_CLASS = YES_ERROR;
				CLANG_WARN_UNREACHABLE_CODE = YES;
				CLANG_WARN__DUPLICATE_METHOD_MATCH = YES;
				"CODE_SIGN_IDENTITY[sdk=iphoneos*]" = "iPhone Developer";
				COPY_PHASE_STRIP = NO;
				DEBUG_INFORMATION_FORMAT = "dwarf-with-dsym";
				ENABLE_NS_ASSERTIONS = NO;
				ENABLE_STRICT_OBJC_MSGSEND = YES;
				GCC_C_LANGUAGE_STANDARD = gnu99;
				GCC_NO_COMMON_BLOCKS = YES;
				GCC_WARN_64_TO_32_BIT_CONVERSION = YES;
				GCC_WARN_ABOUT_RETURN_TYPE = YES_ERROR;
				GCC_WARN_UNDECLARED_SELECTOR = YES;
				GCC_WARN_UNINITIALIZED_AUTOS = YES_AGGRESSIVE;
				GCC_WARN_UNUSED_FUNCTION = YES;
				GCC_WARN_UNUSED_VARIABLE = YES;
				IPHONEOS_DEPLOYMENT_TARGET = 9.3;
				MTL_ENABLE_DEBUG_INFO = NO;
				SDKROOT = iphoneos;
				VALIDATE_PRODUCT = YES;
			};
			name = Release;
		};
		1F4B79081D58950000EE2236 /* Debug */ = {
			isa = XCBuildConfiguration;
			buildSettings = {
				HEADER_SEARCH_PATHS = "$(SRCROOT)/../../react-native/React/**";
				OTHER_LDFLAGS = "-ObjC";
				PRODUCT_NAME = "$(TARGET_NAME)";
				SKIP_INSTALL = YES;
			};
			name = Debug;
		};
		1F4B79091D58950000EE2236 /* Release */ = {
			isa = XCBuildConfiguration;
			buildSettings = {
				HEADER_SEARCH_PATHS = "$(SRCROOT)/../../react-native/React/**";
				OTHER_LDFLAGS = "-ObjC";
				PRODUCT_NAME = "$(TARGET_NAME)";
				SKIP_INSTALL = YES;
			};
			name = Release;
		};
/* End XCBuildConfiguration section */

/* Begin XCConfigurationList section */
		1F4B78F91D58950000EE2236 /* Build configuration list for PBXProject "BGNativeModuleExample" */ = {
			isa = XCConfigurationList;
			buildConfigurations = (
				1F4B79051D58950000EE2236 /* Debug */,
				1F4B79061D58950000EE2236 /* Release */,
			);
			defaultConfigurationIsVisible = 0;
			defaultConfigurationName = Release;
		};
		1F4B79071D58950000EE2236 /* Build configuration list for PBXNativeTarget "BGNativeModuleExample" */ = {
			isa = XCConfigurationList;
			buildConfigurations = (
				1F4B79081D58950000EE2236 /* Debug */,
				1F4B79091D58950000EE2236 /* Release */,
			);
			defaultConfigurationIsVisible = 0;
		};
/* End XCConfigurationList section */
	};
	rootObject = 1F4B78F61D58950000EE2236 /* Project object */;
}
